{
    "_meta": {
        "hash": {
            "sha256": "0aa2f39048e7f0c6114d5387790359ff71e32433d776e0b782b4cef572e97e10"
        },
        "pipfile-spec": 6,
        "requires": {
            "python_version": "3.9"
        },
        "sources": [
            {
                "name": "pypi",
                "url": "https://pypi.org/simple",
                "verify_ssl": true
            }
        ]
    },
    "default": {
        "pymqi": {
            "hashes": [
                "sha256:71467989d2de69dc729b882aba60d860ede0f800dbb0c578eadceb2dca94a431"
            ],
            "index": "pypi",
            "version": "==1.12.10"
        },
        "python-dotenv": {
            "hashes": [
                "sha256:e324ee90a023d808f1959c46bcbc04446a10ced277783dc6ee09987c37ec10ca",
                "sha256:f7b63ef50f1b690dddf550d03497b66d609393b40b564ed0d674909a68ebf16a"
            ],
            "index": "pypi",
            "markers": "python_version >= '3.8'",
            "version": "==1.0.1"
        }
    },
    "develop": {}
}
